
Microsoft Visual Studio Solution File, Format Version 11.00
# Visual Studio 2010
Project("{FAE04EC0-301F-11D3-BF4B-00C04F79EFBC}") = "3b", "Assembly-CSharp.csproj", "{0FE10B5E-CC55-CD54-1879-0EAD280E2503}"
EndProject
Project("{FAE04EC0-301F-11D3-BF4B-00C04F79EFBC}") = "3b", "Assembly-CSharp-Editor.csproj", "{8AEEB4DD-B162-FFF4-2015-4DC822BD9D16}"
EndProject
Global
	GlobalSection(SolutionConfigurationPlatforms) = preSolution
		Debug|Any CPU = Debug|Any CPU
		Release|Any CPU = Release|Any CPU
	EndGlobalSection
	GlobalSection(ProjectConfigurationPlatforms) = postSolution
		{0FE10B5E-CC55-CD54-1879-0EAD280E2503}.Debug|Any CPU.ActiveCfg = Debug|Any CPU
		{0FE10B5E-CC55-CD54-1879-0EAD280E2503}.Debug|Any CPU.Build.0 = Debug|Any CPU
		{0FE10B5E-CC55-CD54-1879-0EAD280E2503}.Release|Any CPU.ActiveCfg = Release|Any CPU
		{0FE10B5E-CC55-CD54-1879-0EAD280E2503}.Release|Any CPU.Build.0 = Release|Any CPU
		{8AEEB4DD-B162-FFF4-2015-4DC822BD9D16}.Debug|Any CPU.ActiveCfg = Debug|Any CPU
		{8AEEB4DD-B162-FFF4-2015-4DC822BD9D16}.Debug|Any CPU.Build.0 = Debug|Any CPU
		{8AEEB4DD-B162-FFF4-2015-4DC822BD9D16}.Release|Any CPU.ActiveCfg = Release|Any CPU
		{8AEEB4DD-B162-FFF4-2015-4DC822BD9D16}.Release|Any CPU.Build.0 = Release|Any CPU
	EndGlobalSection
	GlobalSection(SolutionProperties) = preSolution
		HideSolutionNode = FALSE
	EndGlobalSection
	GlobalSection(MonoDevelopProperties) = preSolution
		StartupItem = Assembly-CSharp.csproj
	EndGlobalSection
EndGlobal
